Microsoft Visual Studio Solution File, Format Version 12.00
# Visual Studio Version 17
VisualStudioVersion = 17.5.2.0
MinimumVisualStudioVersion = 10.0.40219.1
Project("{FAE04EC0-301F-11D3-BF4B-00C04F79EFBC}") = "CraftingStation", "CraftingStation.csproj", "{BBA54028-E8E0-4DF2-D3B1-F7A2D0492C2E}"
EndProject
Global
	GlobalSection(SolutionConfigurationPlatforms) = preSolution
		Debug|Any CPU = Debug|Any CPU
		Release|Any CPU = Release|Any CPU
	EndGlobalSection
	GlobalSection(ProjectConfigurationPlatforms) = postSolution
		{BBA54028-E8E0-4DF2-D3B1-F7A2D0492C2E}.Debug|Any CPU.ActiveCfg = Debug|Any CPU
		{BBA54028-E8E0-4DF2-D3B1-F7A2D0492C2E}.Debug|Any CPU.Build.0 = Debug|Any CPU
		{BBA54028-E8E0-4DF2-D3B1-F7A2D0492C2E}.Release|Any CPU.ActiveCfg = Release|Any CPU
		{BBA54028-E8E0-4DF2-D3B1-F7A2D0492C2E}.Release|Any CPU.Build.0 = Release|Any CPU
	EndGlobalSection
	GlobalSection(SolutionProperties) = preSolution
		HideSolutionNode = FALSE
	EndGlobalSection
	GlobalSection(ExtensibilityGlobals) = postSolution
		SolutionGuid = {14F840D9-BD93-47FD-9602-A14DF7293775}
	EndGlobalSection
EndGlobal
